// !$*UTF8*$!
{
	archiveVersion = 1;
	classes = {
	};
	objectVersion = 50;
	objects = {

/* Begin PBXBuildFile section */
		F3DDB0BA26A467DB00D868EF /* AppDelegate.swift in Sources */ = {isa = PBXBuildFile; fileRef = F3DDB0B926A467DB00D868EF /* AppDelegate.swift */; };
		F3DDB0BC26A467DB00D868EF /* SceneDelegate.swift in Sources */ = {isa = PBXBuildFile; fileRef = F3DDB0BB26A467DB00D868EF /* SceneDelegate.swift */; };
		F3DDB0BE26A467DB00D868EF /* ContentView.swift in Sources */ = {isa = PBXBuildFile; fileRef = F3DDB0BD26A467DB00D868EF /* ContentView.swift */; };
		F3DDB0C026A467DD00D868EF /* Assets.xcassets in Resources */ = {isa = PBXBuildFile; fileRef = F3DDB0BF26A467DD00D868EF /* Assets.xcassets */; };
		F3DDB0C326A467DD00D868EF /* Preview Assets.xcassets in Resources */ = {isa = PBXBuildFile; fileRef = F3DDB0C226A467DD00D868EF /* Preview Assets.xcassets */; };
		F3DDB0C626A467DD00D868EF /* LaunchScreen.storyboard in Resources */ = {isa = PBXBuildFile; fileRef = F3DDB0C426A467DD00D868EF /* LaunchScreen.storyboard */; };
/* End PBXBuildFile section */

/* Begin PBXFileReference section */
		F3DDB0B626A467DB00D868EF /* lesson10.app */ = {isa = PBXFileReference; explicitFileType = wrapper.application; includeInIndex = 0; path = lesson10.app; sourceTree = BUILT_PRODUCTS_DIR; };
		F3DDB0B926A467DB00D868EF /* AppDelegate.swift */ = {isa = PBXFileReference; lastKnownFileType = sourcecode.swift; path = AppDelegate.swift; sourceTree = "<group>"; };
		F3DDB0BB26A467DB00D868EF /* SceneDelegate.swift */ = {isa = PBXFileReference; lastKnownFileType = sourcecode.swift; path = SceneDelegate.swift; sourceTree = "<group>"; };
		F3DDB0BD26A467DB00D868EF /* ContentView.swift */ = {isa = PBXFileReference; lastKnownFileType = sourcecode.swift; path = ContentView.swift; sourceTree = "<group>"; };
		F3DDB0BF26A467DD00D868EF /* Assets.xcassets */ = {isa = PBXFileReference; lastKnownFileType = folder.assetcatalog; path = Assets.xcassets; sourceTree = "<group>"; };
		F3DDB0C226A467DD00D868EF /* Preview Assets.xcassets */ = {isa = PBXFileReference; lastKnownFileType = folder.assetcatalog; path = "Preview Assets.xcassets"; sourceTree = "<group>"; };
		F3DDB0C526A467DD00D868EF /* Base */ = {isa = PBXFileReference; lastKnownFileType = file.storyboard; name = Base; path = Base.lproj/LaunchScreen.storyboard; sourceTree = "<group>"; };
		F3DDB0C726A467DD00D868EF /* Info.plist */ = {isa = PBXFileReference; lastKnownFileType = text.plist.xml; path = Info.plist; sourceTree = "<group>"; };
/* End PBXFileReference section */

/* Begin PBXFrameworksBuildPhase section */
		F3DDB0B326A467DB00D868EF /* Frameworks */ = {
			isa = PBXFrameworksBuildPhase;
			buildActionMask = 2147483647;
			files = (
			);
			runOnlyForDeploymentPostprocessing = 0;
		};
/* End PBXFrameworksBuildPhase section */

/* Begin PBXGroup section */
		F3DDB0AD26A467DB00D868EF = {
			isa = PBXGroup;
			children = (
				F3DDB0B826A467DB00D868EF /* lesson10 */,
				F3DDB0B726A467DB00D868EF /* Products */,
			);
			sourceTree = "<group>";
		};
		F3DDB0B726A467DB00D868EF /* Products */ = {
			isa = PBXGroup;
			children = (
				F3DDB0B626A467DB00D868EF /* lesson10.app */,
			);
			name = Products;
			sourceTree = "<group>";
		};
		F3DDB0B826A467DB00D868EF /* lesson10 */ = {
			isa = PBXGroup;
			children = (
				F3DDB0B926A467DB00D868EF /* AppDelegate.swift */,
				F3DDB0BB26A467DB00D868EF /* SceneDelegate.swift */,
				F3DDB0BD26A467DB00D868EF /* ContentView.swift */,
				F3DDB0BF26A467DD00D868EF /* Assets.xcassets */,
				F3DDB0C426A467DD00D868EF /* LaunchScreen.storyboard */,
				F3DDB0C726A467DD00D868EF /* Info.plist */,
				F3DDB0C126A467DD00D868EF /* Preview Content */,
			);
			path = lesson10;
			sourceTree = "<group>";
		};
		F3DDB0C126A467DD00D868EF /* Preview Content */ = {
			isa = PBXGroup;
			children = (
				F3DDB0C226A467DD00D868EF /* Preview Assets.xcassets */,
			);
			path = "Preview Content";
			sourceTree = "<group>";
		};
/* End PBXGroup section */

/* Begin PBXNativeTarget section */
		F3DDB0B526A467DB00D868EF /* lesson10 */ = {
			isa = PBXNativeTarget;
			buildConfigurationList = F3DDB0CA26A467DD00D868EF /* Build configuration list for PBXNativeTarget "lesson10" */;
			buildPhases = (
				F3DDB0B226A467DB00D868EF /* Sources */,
				F3DDB0B326A467DB00D868EF /* Frameworks */,
				F3DDB0B426A467DB00D868EF /* Resources */,
			);
			buildRules = (
			);
			dependencies = (
			);
			name = lesson10;
			productName = lesson10;
			productReference = F3DDB0B626A467DB00D868EF /* lesson10.app */;
			productType = "com.apple.product-type.application";
		};
/* End PBXNativeTarget section */

/* Begin PBXProject section */
		F3DDB0AE26A467DB00D868EF /* Project object */ = {
			isa = PBXProject;
			attributes = {
				LastSwiftUpdateCheck = 1130;
				LastUpgradeCheck = 1130;
				ORGANIZATIONNAME = "Vũ Đăng Khoa";
				TargetAttributes = {
					F3DDB0B526A467DB00D868EF = {
						CreatedOnToolsVersion = 11.3.1;
					};
				};
			};
			buildConfigurationList = F3DDB0B126A467DB00D868EF /* Build configuration list for PBXProject "lesson10" */;
			compatibilityVersion = "Xcode 9.3";
			developmentRegion = en;
			hasScannedForEncodings = 0;
			knownRegions = (
				en,
				Base,
			);
			mainGroup = F3DDB0AD26A467DB00D868EF;
			productRefGroup = F3DDB0B726A467DB00D868EF /* Products */;
			projectDirPath = "";
			projectRoot = "";
			targets = (
				F3DDB0B526A467DB00D868EF /* lesson10 */,
			);
		};
/* End PBXProject section */

/* Begin PBXResourcesBuildPhase section */
		F3DDB0B426A467DB00D868EF /* Resources */ = {
			isa = PBXResourcesBuildPhase;
			buildActionMask = 2147483647;
			files = (
				F3DDB0C626A467DD00D868EF /* LaunchScreen.storyboard in Resources */,
				F3DDB0C326A467DD00D868EF /* Preview Assets.xcassets in Resources */,
				F3DDB0C026A467DD00D868EF /* Assets.xcassets in Resources */,
			);
			runOnlyForDeploymentPostprocessing = 0;
		};
/* End PBXResourcesBuildPhase section */

/* Begin PBXSourcesBuildPhase section */
		F3DDB0B226A467DB00D868EF /* Sources */ = {
			isa = PBXSourcesBuildPhase;
			buildActionMask = 2147483647;
			files = (
				F3DDB0BA26A467DB00D868EF /* AppDelegate.swift in Sources */,
				F3DDB0BC26A467DB00D868EF /* SceneDelegate.swift in Sources */,
				F3DDB0BE26A467DB00D868EF /* ContentView.swift in Sources */,
			);
			runOnlyForDeploymentPostprocessing = 0;
		};
/* End PBXSourcesBuildPhase section */

/* Begin PBXVariantGroup section */
		F3DDB0C426A467DD00D868EF /* LaunchScreen.storyboard */ = {
			isa = PBXVariantGroup;
			children = (
				F3DDB0C526A467DD00D868EF /* Base */,
			);
			name = LaunchScreen.storyboard;
			sourceTree = "<group>";
		};
/* End PBXVariantGroup section */

/* Begin XCBuildConfiguration section */
		F3DDB0C826A467DD00D868EF /* Debug */ = {
			isa = XCBuildConfiguration;
			buildSettings = {
				ALWAYS_SEARCH_USER_PATHS = NO;
				CLANG_ANALYZER_NONNULL = YES;
				CLANG_ANALYZER_NUMBER_OBJECT_CONVERSION = YES_AGGRESSIVE;
				CLANG_CXX_LANGUAGE_STANDARD = "gnu++14";
				CLANG_CXX_LIBRARY = "libc++";
				CLANG_ENABLE_MODULES = YES;
				CLANG_ENABLE_OBJC_ARC = YES;
				CLANG_ENABLE_OBJC_WEAK = YES;
				CLANG_WARN_BLOCK_CAPTURE_AUTORELEASING = YES;
				CLANG_WARN_BOOL_CONVERSION = YES;
				CLANG_WARN_COMMA = YES;
				CLANG_WARN_CONSTANT_CONVERSION = YES;
				CLANG_WARN_DEPRECATED_OBJC_IMPLEMENTATIONS = YES;
				CLANG_WARN_DIRECT_OBJC_ISA_USAGE = YES_ERROR;
				CLANG_WARN_DOCUMENTATION_COMMENTS = YES;
				CLANG_WARN_EMPTY_BODY = YES;
				CLANG_WARN_ENUM_CONVERSION = YES;
				CLANG_WARN_INFINITE_RECURSION = YES;
				CLANG_WARN_INT_CONVERSION = YES;
				CLANG_WARN_NON_LITERAL_NULL_CONVERSION = YES;
				CLANG_WARN_OBJC_IMPLICIT_RETAIN_SELF = YES;
				CLANG_WARN_OBJC_LITERAL_CONVERSION = YES;
				CLANG_WARN_OBJC_ROOT_CLASS = YES_ERROR;
				CLANG_WARN_RANGE_LOOP_ANALYSIS = YES;
				CLANG_WARN_STRICT_PROTOTYPES = YES;
				CLANG_WARN_SUSPICIOUS_MOVE = YES;
				CLANG_WARN_UNGUARDED_AVAILABILITY = YES_AGGRESSIVE;
				CLANG_WARN_UNREACHABLE_CODE = YES;
				CLANG_WARN__DUPLICATE_METHOD_MATCH = YES;
				COPY_PHASE_STRIP = NO;
				DEBUG_INFORMATION_FORMAT = dwarf;
				ENABLE_STRICT_OBJC_MSGSEND = YES;
				ENABLE_TESTABILITY = YES;
				GCC_C_LANGUAGE_STANDARD = gnu11;
				GCC_DYNAMIC_NO_PIC = NO;
				GCC_NO_COMMON_BLOCKS = YES;
				GCC_OPTIMIZATION_LEVEL = 0;
				GCC_PREPROCESSOR_DEFINITIONS = (
					"DEBUG=1",
					"$(inherited)",
				);
				GCC_WARN_64_TO_32_BIT_CONVERSION = YES;
				GCC_WARN_ABOUT_RETURN_TYPE = YES_ERROR;
				GCC_WARN_UNDECLARED_SELECTOR = YES;
				GCC_WARN_UNINITIALIZED_AUTOS = YES_AGGRESSIVE;
				GCC_WARN_UNUSED_FUNCTION = YES;
				GCC_WARN_UNUSED_VARIABLE = YES;
				IPHONEOS_DEPLOYMENT_TARGET = 13.2;
				MTL_ENABLE_DEBUG_INFO = INCLUDE_SOURCE;
				MTL_FAST_MATH = YES;
				ONLY_ACTIVE_ARCH = YES;
				SDKROOT = iphoneos;
				SWIFT_ACTIVE_COMPILATION_CONDITIONS = DEBUG;
				SWIFT_OPTIMIZATION_LEVEL = "-Onone";
			};
			name = Debug;
		};
		F3DDB0C926A467DD00D868EF /* Release */ = {
			isa = XCBuildConfiguration;
			buildSettings = {
				ALWAYS_SEARCH_USER_PATHS = NO;
				CLANG_ANALYZER_NONNULL = YES;
				CLANG_ANALYZER_NUMBER_OBJECT_CONVERSION = YES_AGGRESSIVE;
				CLANG_CXX_LANGUAGE_STANDARD = "gnu++14";
				CLANG_CXX_LIBRARY = "libc++";
				CLANG_ENABLE_MODULES = YES;
				CLANG_ENABLE_OBJC_ARC = YES;
				CLANG_ENABLE_OBJC_WEAK = YES;
				CLANG_WARN_BLOCK_CAPTURE_AUTORELEASING = YES;
				CLANG_WARN_BOOL_CONVERSION = YES;
				CLANG_WARN_COMMA = YES;
				CLANG_WARN_CONSTANT_CONVERSION = YES;
				CLANG_WARN_DEPRECATED_OBJC_IMPLEMENTATIONS = YES;
				CLANG_WARN_DIRECT_OBJC_ISA_USAGE = YES_ERROR;
				CLANG_WARN_DOCUMENTATION_COMMENTS = YES;
				CLANG_WARN_EMPTY_BODY = YES;
				CLANG_WARN_ENUM_CONVERSION = YES;
				CLANG_WARN_INFINITE_RECURSION = YES;
				CLANG_WARN_INT_CONVERSION = YES;
				CLANG_WARN_NON_LITERAL_NULL_CONVERSION = YES;
				CLANG_WARN_OBJC_IMPLICIT_RETAIN_SELF = YES;
				CLANG_WARN_OBJC_LITERAL_CONVERSION = YES;
				CLANG_WARN_OBJC_ROOT_CLASS = YES_ERROR;
				CLANG_WARN_RANGE_LOOP_ANALYSIS = YES;
				CLANG_WARN_STRICT_PROTOTYPES = YES;
				CLANG_WARN_SUSPICIOUS_MOVE = YES;
				CLANG_WARN_UNGUARDED_AVAILABILITY = YES_AGGRESSIVE;
				CLANG_WARN_UNREACHABLE_CODE = YES;
				CLANG_WARN__DUPLICATE_METHOD_MATCH = YES;
				COPY_PHASE_STRIP = NO;
				DEBUG_INFORMATION_FORMAT = "dwarf-with-dsym";
				ENABLE_NS_ASSERTIONS = NO;
				ENABLE_STRICT_OBJC_MSGSEND = YES;
				GCC_C_LANGUAGE_STANDARD = gnu11;
				GCC_NO_COMMON_BLOCKS = YES;
				GCC_WARN_64_TO_32_BIT_CONVERSION = YES;
				GCC_WARN_ABOUT_RETURN_TYPE = YES_ERROR;
				GCC_WARN_UNDECLARED_SELECTOR = YES;
				GCC_WARN_UNINITIALIZED_AUTOS = YES_AGGRESSIVE;
				GCC_WARN_UNUSED_FUNCTION = YES;
				GCC_WARN_UNUSED_VARIABLE = YES;
				IPHONEOS_DEPLOYMENT_TARGET = 13.2;
				MTL_ENABLE_DEBUG_INFO = NO;
				MTL_FAST_MATH = YES;
				SDKROOT = iphoneos;
				SWIFT_COMPILATION_MODE = wholemodule;
				SWIFT_OPTIMIZATION_LEVEL = "-O";
				VALIDATE_PRODUCT = YES;
			};
			name = Release;
		};
		F3DDB0CB26A467DD00D868EF /* Debug */ = {
			isa = XCBuildConfiguration;
			buildSettings = {
				ASSETCATALOG_COMPILER_APPICON_NAME = AppIcon;
				CODE_SIGN_STYLE = Automatic;
				DEVELOPMENT_ASSET_PATHS = "\"lesson10/Preview Content\"";
				DEVELOPMENT_TEAM = 35H753Y7SB;
				ENABLE_PREVIEWS = YES;
				INFOPLIST_FILE = lesson10/Info.plist;
				LD_RUNPATH_SEARCH_PATHS = (
					"$(inherited)",
					"@executable_path/Frameworks",
				);
				PRODUCT_BUNDLE_IDENTIFIER = DanKhoa.lesson10;
				PRODUCT_NAME = "$(TARGET_NAME)";
				SWIFT_VERSION = 5.0;
				TARGETED_DEVICE_FAMILY = "1,2";
			};
			name = Debug;
		};
		F3DDB0CC26A467DD00D868EF /* Release */ = {
			isa = XCBuildConfiguration;
			buildSettings = {
				ASSETCATALOG_COMPILER_APPICON_NAME = AppIcon;
				CODE_SIGN_STYLE = Automatic;
				DEVELOPMENT_ASSET_PATHS = "\"lesson10/Preview Content\"";
				DEVELOPMENT_TEAM = 35H753Y7SB;
				ENABLE_PREVIEWS = YES;
				INFOPLIST_FILE = lesson10/Info.plist;
				LD_RUNPATH_SEARCH_PATHS = (
					"$(inherited)",
					"@executable_path/Frameworks",
				);
				PRODUCT_BUNDLE_IDENTIFIER = DanKhoa.lesson10;
				PRODUCT_NAME = "$(TARGET_NAME)";
				SWIFT_VERSION = 5.0;
				TARGETED_DEVICE_FAMILY = "1,2";
			};
			name = Release;
		};
/* End XCBuildConfiguration section */

/* Begin XCConfigurationList section */
		F3DDB0B126A467DB00D868EF /* Build configuration list for PBXProject "lesson10" */ = {
			isa = XCConfigurationList;
			buildConfigurations = (
				F3DDB0C826A467DD00D868EF /* Debug */,
				F3DDB0C926A467DD00D868EF /* Release */,
			);
			defaultConfigurationIsVisible = 0;
			defaultConfigurationName = Release;
		};
		F3DDB0CA26A467DD00D868EF /* Build configuration list for PBXNativeTarget "lesson10" */ = {
			isa = XCConfigurationList;
			buildConfigurations = (
				F3DDB0CB26A467DD00D868EF /* Debug */,
				F3DDB0CC26A467DD00D868EF /* Release */,
			);
			defaultConfigurationIsVisible = 0;
			defaultConfigurationName = Release;
		};
/* End XCConfigurationList section */
	};
	rootObject = F3DDB0AE26A467DB00D868EF /* Project object */;
}
